# THIS IS AN AUTOGENERATED FILE. DO NOT EDIT THIS FILE DIRECTLY.
# yarn lockfile v1


"@types/node@16.x":
  version "16.18.11"
  resolved "https://registry.yarnpkg.com/@types/node/-/node-16.18.11.tgz#cbb15c12ca7c16c85a72b6bdc4d4b01151bb3cae"
  integrity sha512-3oJbGBUWuS6ahSnEq1eN2XrCyf4YsWI8OyCvo7c64zQJNplk3mO84t53o8lfTk+2ji59g5ycfc6qQ3fdHliHuA==

ansi-styles@^4.1.0:
  version "4.3.0"
  resolved "https://pkgs.dev.azure.com/terrapin-prod/Terrapin/_packaging/open-source-packages-2/npm/registry/ansi-styles/-/ansi-styles-4.3.0.tgz#fca1df514abe518e9bb0145518e8f7becd6ad179"
  integrity sha1-/KHfUUq+UY6bsBRVGOj3vs1q0Xk=
  dependencies:
    color-convert "^2.0.1"

chalk@^4.x:
  version "4.1.2"
  resolved "https://registry.yarnpkg.com/chalk/-/chalk-4.1.2.tgz#aac4e2b7734a740867aeb16bf02aad556a1e7a01"
  integrity sha512-oKnbhFyRIXpUuez8iBMmyEa4nbj4IOQyuhc/wy9kY7/WVPcwIO9VA668Pu8RkO7+0G76SLROeyw9CpQ061i4mA==
  dependencies:
    ansi-styles "^4.1.0"
    supports-color "^7.1.0"

color-convert@^2.0.1:
  version "2.0.1"
  resolved "https://pkgs.dev.azure.com/terrapin-prod/Terrapin/_packaging/open-source-packages-2/npm/registry/color-convert/-/color-convert-2.0.1.tgz#55587cf417889ed1509f7ecf0437c0080ceb7d8b"
  integrity sha1-VVh89BeIntFQn37PBDfACAzrfYs=
  dependencies:
    color-name "~1.1.4"

color-name@~1.1.4:
  version "1.1.4"
  resolved "https://pkgs.dev.azure.com/terrapin-prod/Terrapin/_packaging/open-source-packages-2/npm/registry/color-name/-/color-name-1.1.4.tgz#92e6def86e7fdfd336bd72fb368fb4d912bb91c7"
  integrity sha1-kube+G5/39M2vXL7No+02RK7kcc=

commander@^9.4.0:
  version "9.5.0"
  resolved "https://registry.yarnpkg.com/commander/-/commander-9.5.0.tgz#bc08d1eb5cedf7ccb797a96199d41c7bc3e60d30"
  integrity sha512-KRs7WVDKg86PWiuAqhDrAQnTXZKraVcCc6vFdL14qrZ/DcWwuRo7VoiYXalXO7S5GKpqYiVEwCbgFDfxNHKJBQ==

has-flag@^4.0.0:
  version "4.0.0"
  resolved "https://pkgs.dev.azure.com/terrapin-prod/Terrapin/_packaging/open-source-packages-2/npm/registry/has-flag/-/has-flag-4.0.0.tgz#de5b442c6925075d18cca26ab81b5087ed930019"
  integrity sha1-3ltELGklB10YzKJquBtQh+2TABk=

supports-color@^7.1.0:
  version "7.2.0"
  resolved "https://pkgs.dev.azure.com/terrapin-prod/Terrapin/_packaging/open-source-packages-2/npm/registry/supports-color/-/supports-color-7.2.0.tgz#1ae1ecc04fbd06da6955ab11fa8f03308bb7d01a"
  integrity sha1-GuHswE+9BtppVasR+o8DMIu30Bo=
  dependencies:
    has-flag "^4.0.0"

typescript@4.8.x:
  version "4.8.4"
  resolved "https://registry.yarnpkg.com/typescript/-/typescript-4.8.4.tgz#c464abca159669597be5f96b8943500b238e60e6"
  integrity sha512-QCh+85mCy+h0IGff8r5XWzOVSbBO+KfeYrMQh7NJ58QujwcE22u+NUSmUxqF+un70P9GXKxa2HCNiTTMJknyjQ==
